
Microsoft Visual Studio Solution File, Format Version 12.00
# Visual Studio Version 16
VisualStudioVersion = 16.0.30204.135
MinimumVisualStudioVersion = 10.0.40219.1
Project("{FAE04EC0-301F-11D3-BF4B-00C04F79EFBC}") = "SeaBattleConsole", "SeaBattleConsole\SeaBattleConsole.csproj", "{1D201D54-A673-4B33-8E12-9E830AEA78F0}"
EndProject
Global
	GlobalSection(SolutionConfigurationPlatforms) = preSolution
		Debug|Any CPU = Debug|Any CPU
		Release|Any CPU = Release|Any CPU
	EndGlobalSection
	GlobalSection(ProjectConfigurationPlatforms) = postSolution
		{1D201D54-A673-4B33-8E12-9E830AEA78F0}.Debug|Any CPU.ActiveCfg = Debug|Any CPU
		{1D201D54-A673-4B33-8E12-9E830AEA78F0}.Debug|Any CPU.Build.0 = Debug|Any CPU
		{1D201D54-A673-4B33-8E12-9E830AEA78F0}.Release|Any CPU.ActiveCfg = Release|Any CPU
		{1D201D54-A673-4B33-8E12-9E830AEA78F0}.Release|Any CPU.Build.0 = Release|Any CPU
	EndGlobalSection
	GlobalSection(SolutionProperties) = preSolution
		HideSolutionNode = FALSE
	EndGlobalSection
	GlobalSection(ExtensibilityGlobals) = postSolution
		SolutionGuid = {2F19428E-378C-448D-855F-5919D8EF7B4B}
	EndGlobalSection
EndGlobal
